
Microsoft Visual Studio Solution File, Format Version 12.00
# Visual Studio Version 17
VisualStudioVersion = 17.7.34202.233
MinimumVisualStudioVersion = 10.0.40219.1
Project("{2150E333-8FDC-42A3-9474-1A3956D46DE8}") = "01 Kintamieji", "01 Kintamieji", "{5C1D3FAD-5282-46AA-81E6-300080D34FB3}"
EndProject
Project("{FAE04EC0-301F-11D3-BF4B-00C04F79EFBC}") = "Kintamieji", "Kintamieji\Kintamieji.csproj", "{E7B9942B-56F6-47AA-A482-B0E23B578AFA}"
EndProject
Project("{2150E333-8FDC-42A3-9474-1A3956D46DE8}") = "Uzduotis1", "Uzduotis1", "{504E0F21-B903-49C1-8A94-F78277CAB1A6}"
EndProject
Project("{FAE04EC0-301F-11D3-BF4B-00C04F79EFBC}") = "Uzduotis1", "Uzduotis1\Uzduotis1.csproj", "{74816A01-48AB-4369-A315-756438DA2BF9}"
EndProject
Project("{2150E333-8FDC-42A3-9474-1A3956D46DE8}") = "02 Isvedimas", "02 Isvedimas", "{9BD6007B-C612-4874-A236-BE17EBF54698}"
EndProject
Project("{FAE04EC0-301F-11D3-BF4B-00C04F79EFBC}") = "Isvedimas", "Isvedimas\Isvedimas.csproj", "{56FA932E-BA3E-42E2-A864-06E414FEFF84}"
EndProject
Project("{2150E333-8FDC-42A3-9474-1A3956D46DE8}") = "NamuDarbai", "NamuDarbai", "{C84AD85D-7977-4699-81D4-246E044CB67A}"
EndProject
Project("{FAE04EC0-301F-11D3-BF4B-00C04F79EFBC}") = "Uzduotis01", "Uzduotis01\Uzduotis01.csproj", "{1D505CE5-0932-455D-95B6-C2F7C10849BF}"
EndProject
Project("{FAE04EC0-301F-11D3-BF4B-00C04F79EFBC}") = "Uzduotis02", "Uzduotis02\Uzduotis02.csproj", "{F5CABF4E-CF4D-4796-BA13-0C452B9ABB64}"
EndProject
Project("{FAE04EC0-301F-11D3-BF4B-00C04F79EFBC}") = "Uzduotis03", "Uzduotis03\Uzduotis03.csproj", "{71D5FD23-38CA-414E-A865-E93C691FF968}"
EndProject
Project("{FAE04EC0-301F-11D3-BF4B-00C04F79EFBC}") = "Uzduotis04", "Uzduotis04\Uzduotis04.csproj", "{D73223C9-D97C-420F-92B1-503880505316}"
EndProject
Project("{FAE04EC0-301F-11D3-BF4B-00C04F79EFBC}") = "Uzduotis05", "Uzduotis05\Uzduotis05.csproj", "{4A8FFEDF-C254-4105-9E15-96FFD2104286}"
EndProject
Project("{FAE04EC0-301F-11D3-BF4B-00C04F79EFBC}") = "Uzduotis06", "Uzduotis06\Uzduotis06.csproj", "{4AC8539B-9D6C-4180-8DF1-5474873E8212}"
EndProject
Project("{FAE04EC0-301F-11D3-BF4B-00C04F79EFBC}") = "Uzduotis07", "Uzduotis07\Uzduotis07.csproj", "{E104C1C9-C612-4662-9653-DA44472C9F35}"
EndProject
Project("{FAE04EC0-301F-11D3-BF4B-00C04F79EFBC}") = "Uzduotis08", "Uzduotis08\Uzduotis08.csproj", "{19A4B58A-FD00-416D-9EE6-CE7624F9DD84}"
EndProject
Project("{FAE04EC0-301F-11D3-BF4B-00C04F79EFBC}") = "Uzduotis09", "Uzduotis09\Uzduotis09.csproj", "{D5E0923B-14DD-4C60-A80F-B2B44DF59707}"
EndProject
Project("{FAE04EC0-301F-11D3-BF4B-00C04F79EFBC}") = "Uzduotis10", "Uzduotis10\Uzduotis10.csproj", "{BA34F047-2360-4D41-896B-8CBA551075CF}"
EndProject
Project("{FAE04EC0-301F-11D3-BF4B-00C04F79EFBC}") = "Uzduotis11", "Uzduotis11\Uzduotis11.csproj", "{2105BE35-EB71-49E8-AD24-51FDB04D8105}"
EndProject
Project("{FAE04EC0-301F-11D3-BF4B-00C04F79EFBC}") = "Uzduotis12", "Uzduotis12\Uzduotis12.csproj", "{DCDDE915-547F-4C43-914A-6BBADFC69F89}"
EndProject
Global
	GlobalSection(SolutionConfigurationPlatforms) = preSolution
		Debug|Any CPU = Debug|Any CPU
		Release|Any CPU = Release|Any CPU
	EndGlobalSection
	GlobalSection(ProjectConfigurationPlatforms) = postSolution
		{E7B9942B-56F6-47AA-A482-B0E23B578AFA}.Debug|Any CPU.ActiveCfg = Debug|Any CPU
		{E7B9942B-56F6-47AA-A482-B0E23B578AFA}.Debug|Any CPU.Build.0 = Debug|Any CPU
		{E7B9942B-56F6-47AA-A482-B0E23B578AFA}.Release|Any CPU.ActiveCfg = Release|Any CPU
		{E7B9942B-56F6-47AA-A482-B0E23B578AFA}.Release|Any CPU.Build.0 = Release|Any CPU
		{74816A01-48AB-4369-A315-756438DA2BF9}.Debug|Any CPU.ActiveCfg = Debug|Any CPU
		{74816A01-48AB-4369-A315-756438DA2BF9}.Debug|Any CPU.Build.0 = Debug|Any CPU
		{74816A01-48AB-4369-A315-756438DA2BF9}.Release|Any CPU.ActiveCfg = Release|Any CPU
		{74816A01-48AB-4369-A315-756438DA2BF9}.Release|Any CPU.Build.0 = Release|Any CPU
		{56FA932E-BA3E-42E2-A864-06E414FEFF84}.Debug|Any CPU.ActiveCfg = Debug|Any CPU
		{56FA932E-BA3E-42E2-A864-06E414FEFF84}.Debug|Any CPU.Build.0 = Debug|Any CPU
		{56FA932E-BA3E-42E2-A864-06E414FEFF84}.Release|Any CPU.ActiveCfg = Release|Any CPU
		{56FA932E-BA3E-42E2-A864-06E414FEFF84}.Release|Any CPU.Build.0 = Release|Any CPU
		{1D505CE5-0932-455D-95B6-C2F7C10849BF}.Debug|Any CPU.ActiveCfg = Debug|Any CPU
		{1D505CE5-0932-455D-95B6-C2F7C10849BF}.Debug|Any CPU.Build.0 = Debug|Any CPU
		{1D505CE5-0932-455D-95B6-C2F7C10849BF}.Release|Any CPU.ActiveCfg = Release|Any CPU
		{1D505CE5-0932-455D-95B6-C2F7C10849BF}.Release|Any CPU.Build.0 = Release|Any CPU
		{F5CABF4E-CF4D-4796-BA13-0C452B9ABB64}.Debug|Any CPU.ActiveCfg = Debug|Any CPU
		{F5CABF4E-CF4D-4796-BA13-0C452B9ABB64}.Debug|Any CPU.Build.0 = Debug|Any CPU
		{F5CABF4E-CF4D-4796-BA13-0C452B9ABB64}.Release|Any CPU.ActiveCfg = Release|Any CPU
		{F5CABF4E-CF4D-4796-BA13-0C452B9ABB64}.Release|Any CPU.Build.0 = Release|Any CPU
		{71D5FD23-38CA-414E-A865-E93C691FF968}.Debug|Any CPU.ActiveCfg = Debug|Any CPU
		{71D5FD23-38CA-414E-A865-E93C691FF968}.Debug|Any CPU.Build.0 = Debug|Any CPU
		{71D5FD23-38CA-414E-A865-E93C691FF968}.Release|Any CPU.ActiveCfg = Release|Any CPU
		{71D5FD23-38CA-414E-A865-E93C691FF968}.Release|Any CPU.Build.0 = Release|Any CPU
		{D73223C9-D97C-420F-92B1-503880505316}.Debug|Any CPU.ActiveCfg = Debug|Any CPU
		{D73223C9-D97C-420F-92B1-503880505316}.Debug|Any CPU.Build.0 = Debug|Any CPU
		{D73223C9-D97C-420F-92B1-503880505316}.Release|Any CPU.ActiveCfg = Release|Any CPU
		{D73223C9-D97C-420F-92B1-503880505316}.Release|Any CPU.Build.0 = Release|Any CPU
		{4A8FFEDF-C254-4105-9E15-96FFD2104286}.Debug|Any CPU.ActiveCfg = Debug|Any CPU
		{4A8FFEDF-C254-4105-9E15-96FFD2104286}.Debug|Any CPU.Build.0 = Debug|Any CPU
		{4A8FFEDF-C254-4105-9E15-96FFD2104286}.Release|Any CPU.ActiveCfg = Release|Any CPU
		{4A8FFEDF-C254-4105-9E15-96FFD2104286}.Release|Any CPU.Build.0 = Release|Any CPU
		{4AC8539B-9D6C-4180-8DF1-5474873E8212}.Debug|Any CPU.ActiveCfg = Debug|Any CPU
		{4AC8539B-9D6C-4180-8DF1-5474873E8212}.Debug|Any CPU.Build.0 = Debug|Any CPU
		{4AC8539B-9D6C-4180-8DF1-5474873E8212}.Release|Any CPU.ActiveCfg = Release|Any CPU
		{4AC8539B-9D6C-4180-8DF1-5474873E8212}.Release|Any CPU.Build.0 = Release|Any CPU
		{E104C1C9-C612-4662-9653-DA44472C9F35}.Debug|Any CPU.ActiveCfg = Debug|Any CPU
		{E104C1C9-C612-4662-9653-DA44472C9F35}.Debug|Any CPU.Build.0 = Debug|Any CPU
		{E104C1C9-C612-4662-9653-DA44472C9F35}.Release|Any CPU.ActiveCfg = Release|Any CPU
		{E104C1C9-C612-4662-9653-DA44472C9F35}.Release|Any CPU.Build.0 = Release|Any CPU
		{19A4B58A-FD00-416D-9EE6-CE7624F9DD84}.Debug|Any CPU.ActiveCfg = Debug|Any CPU
		{19A4B58A-FD00-416D-9EE6-CE7624F9DD84}.Debug|Any CPU.Build.0 = Debug|Any CPU
		{19A4B58A-FD00-416D-9EE6-CE7624F9DD84}.Release|Any CPU.ActiveCfg = Release|Any CPU
		{19A4B58A-FD00-416D-9EE6-CE7624F9DD84}.Release|Any CPU.Build.0 = Release|Any CPU
		{D5E0923B-14DD-4C60-A80F-B2B44DF59707}.Debug|Any CPU.ActiveCfg = Debug|Any CPU
		{D5E0923B-14DD-4C60-A80F-B2B44DF59707}.Debug|Any CPU.Build.0 = Debug|Any CPU
		{D5E0923B-14DD-4C60-A80F-B2B44DF59707}.Release|Any CPU.ActiveCfg = Release|Any CPU
		{D5E0923B-14DD-4C60-A80F-B2B44DF59707}.Release|Any CPU.Build.0 = Release|Any CPU
		{BA34F047-2360-4D41-896B-8CBA551075CF}.Debug|Any CPU.ActiveCfg = Debug|Any CPU
		{BA34F047-2360-4D41-896B-8CBA551075CF}.Debug|Any CPU.Build.0 = Debug|Any CPU
		{BA34F047-2360-4D41-896B-8CBA551075CF}.Release|Any CPU.ActiveCfg = Release|Any CPU
		{BA34F047-2360-4D41-896B-8CBA551075CF}.Release|Any CPU.Build.0 = Release|Any CPU
		{2105BE35-EB71-49E8-AD24-51FDB04D8105}.Debug|Any CPU.ActiveCfg = Debug|Any CPU
		{2105BE35-EB71-49E8-AD24-51FDB04D8105}.Debug|Any CPU.Build.0 = Debug|Any CPU
		{2105BE35-EB71-49E8-AD24-51FDB04D8105}.Release|Any CPU.ActiveCfg = Release|Any CPU
		{2105BE35-EB71-49E8-AD24-51FDB04D8105}.Release|Any CPU.Build.0 = Release|Any CPU
		{DCDDE915-547F-4C43-914A-6BBADFC69F89}.Debug|Any CPU.ActiveCfg = Debug|Any CPU
		{DCDDE915-547F-4C43-914A-6BBADFC69F89}.Debug|Any CPU.Build.0 = Debug|Any CPU
		{DCDDE915-547F-4C43-914A-6BBADFC69F89}.Release|Any CPU.ActiveCfg = Release|Any CPU
		{DCDDE915-547F-4C43-914A-6BBADFC69F89}.Release|Any CPU.Build.0 = Release|Any CPU
	EndGlobalSection
	GlobalSection(SolutionProperties) = preSolution
		HideSolutionNode = FALSE
	EndGlobalSection
	GlobalSection(NestedProjects) = preSolution
		{E7B9942B-56F6-47AA-A482-B0E23B578AFA} = {5C1D3FAD-5282-46AA-81E6-300080D34FB3}
		{504E0F21-B903-49C1-8A94-F78277CAB1A6} = {5C1D3FAD-5282-46AA-81E6-300080D34FB3}
		{74816A01-48AB-4369-A315-756438DA2BF9} = {504E0F21-B903-49C1-8A94-F78277CAB1A6}
		{56FA932E-BA3E-42E2-A864-06E414FEFF84} = {9BD6007B-C612-4874-A236-BE17EBF54698}
		{1D505CE5-0932-455D-95B6-C2F7C10849BF} = {C84AD85D-7977-4699-81D4-246E044CB67A}
		{F5CABF4E-CF4D-4796-BA13-0C452B9ABB64} = {C84AD85D-7977-4699-81D4-246E044CB67A}
		{71D5FD23-38CA-414E-A865-E93C691FF968} = {C84AD85D-7977-4699-81D4-246E044CB67A}
		{D73223C9-D97C-420F-92B1-503880505316} = {C84AD85D-7977-4699-81D4-246E044CB67A}
		{4A8FFEDF-C254-4105-9E15-96FFD2104286} = {C84AD85D-7977-4699-81D4-246E044CB67A}
		{4AC8539B-9D6C-4180-8DF1-5474873E8212} = {C84AD85D-7977-4699-81D4-246E044CB67A}
		{E104C1C9-C612-4662-9653-DA44472C9F35} = {C84AD85D-7977-4699-81D4-246E044CB67A}
		{19A4B58A-FD00-416D-9EE6-CE7624F9DD84} = {C84AD85D-7977-4699-81D4-246E044CB67A}
		{D5E0923B-14DD-4C60-A80F-B2B44DF59707} = {C84AD85D-7977-4699-81D4-246E044CB67A}
		{BA34F047-2360-4D41-896B-8CBA551075CF} = {C84AD85D-7977-4699-81D4-246E044CB67A}
		{2105BE35-EB71-49E8-AD24-51FDB04D8105} = {C84AD85D-7977-4699-81D4-246E044CB67A}
		{DCDDE915-547F-4C43-914A-6BBADFC69F89} = {C84AD85D-7977-4699-81D4-246E044CB67A}
	EndGlobalSection
	GlobalSection(ExtensibilityGlobals) = postSolution
		SolutionGuid = {E283FD19-35AC-4DA0-AE9E-12D802D9266E}
	EndGlobalSection
EndGlobal
