
Microsoft Visual Studio Solution File, Format Version 12.00
# Visual Studio Version 17
VisualStudioVersion = 17.7.34202.233
MinimumVisualStudioVersion = 10.0.40219.1
Project("{2150E333-8FDC-42A3-9474-1A3956D46DE8}") = "01 Kintamieji", "01 Kintamieji", "{5C1D3FAD-5282-46AA-81E6-300080D34FB3}"
EndProject
Project("{FAE04EC0-301F-11D3-BF4B-00C04F79EFBC}") = "Kintamieji", "Kintamieji\Kintamieji.csproj", "{E7B9942B-56F6-47AA-A482-B0E23B578AFA}"
EndProject
Project("{2150E333-8FDC-42A3-9474-1A3956D46DE8}") = "Uzduotis1", "Uzduotis1", "{504E0F21-B903-49C1-8A94-F78277CAB1A6}"
EndProject
Project("{FAE04EC0-301F-11D3-BF4B-00C04F79EFBC}") = "Uzduotis1", "Uzduotis1\Uzduotis1.csproj", "{74816A01-48AB-4369-A315-756438DA2BF9}"
EndProject
Project("{2150E333-8FDC-42A3-9474-1A3956D46DE8}") = "NamuDarbai36", "NamuDarbai36", "{662C70FF-7AA6-412A-8535-BCA8627C1C21}"
EndProject
Project("{FAE04EC0-301F-11D3-BF4B-00C04F79EFBC}") = "Uzduotis36", "Uzduotis36\Uzduotis36.csproj", "{DBE3AE0D-EF1E-4924-B48B-6E5F41385788}"
EndProject
Project("{2150E333-8FDC-42A3-9474-1A3956D46DE8}") = "NamuDarbai37", "NamuDarbai37", "{DDC7D3B4-83A6-4D80-AF51-0F2B23DF8575}"
EndProject
Project("{FAE04EC0-301F-11D3-BF4B-00C04F79EFBC}") = "Uzduotis37", "Uzduotis37\Uzduotis37.csproj", "{46015717-27CB-4F2D-8861-BDC65962BE7E}"
EndProject
Project("{2150E333-8FDC-42A3-9474-1A3956D46DE8}") = "NamuDarbai38", "NamuDarbai38", "{D8E9ECF3-5F93-4EEF-9263-9772DE5BD751}"
EndProject
Project("{FAE04EC0-301F-11D3-BF4B-00C04F79EFBC}") = "Uzduotis38", "Uzduotis38\Uzduotis38.csproj", "{A5524A00-8027-4339-A1BC-B1BDE153EDF0}"
EndProject
Project("{2150E333-8FDC-42A3-9474-1A3956D46DE8}") = "NamuDarbai39", "NamuDarbai39", "{811D072F-93E0-4509-8558-602F5CD2A052}"
EndProject
Project("{FAE04EC0-301F-11D3-BF4B-00C04F79EFBC}") = "Uzduotis39", "Uzduotis39\Uzduotis39.csproj", "{E7E1CFAB-6881-45D2-A8C0-3AA0160364C5}"
EndProject
Global
	GlobalSection(SolutionConfigurationPlatforms) = preSolution
		Debug|Any CPU = Debug|Any CPU
		Release|Any CPU = Release|Any CPU
	EndGlobalSection
	GlobalSection(ProjectConfigurationPlatforms) = postSolution
		{E7B9942B-56F6-47AA-A482-B0E23B578AFA}.Debug|Any CPU.ActiveCfg = Debug|Any CPU
		{E7B9942B-56F6-47AA-A482-B0E23B578AFA}.Debug|Any CPU.Build.0 = Debug|Any CPU
		{E7B9942B-56F6-47AA-A482-B0E23B578AFA}.Release|Any CPU.ActiveCfg = Release|Any CPU
		{E7B9942B-56F6-47AA-A482-B0E23B578AFA}.Release|Any CPU.Build.0 = Release|Any CPU
		{74816A01-48AB-4369-A315-756438DA2BF9}.Debug|Any CPU.ActiveCfg = Debug|Any CPU
		{74816A01-48AB-4369-A315-756438DA2BF9}.Debug|Any CPU.Build.0 = Debug|Any CPU
		{74816A01-48AB-4369-A315-756438DA2BF9}.Release|Any CPU.ActiveCfg = Release|Any CPU
		{74816A01-48AB-4369-A315-756438DA2BF9}.Release|Any CPU.Build.0 = Release|Any CPU
		{DBE3AE0D-EF1E-4924-B48B-6E5F41385788}.Debug|Any CPU.ActiveCfg = Debug|Any CPU
		{DBE3AE0D-EF1E-4924-B48B-6E5F41385788}.Debug|Any CPU.Build.0 = Debug|Any CPU
		{DBE3AE0D-EF1E-4924-B48B-6E5F41385788}.Release|Any CPU.ActiveCfg = Release|Any CPU
		{DBE3AE0D-EF1E-4924-B48B-6E5F41385788}.Release|Any CPU.Build.0 = Release|Any CPU
		{46015717-27CB-4F2D-8861-BDC65962BE7E}.Debug|Any CPU.ActiveCfg = Debug|Any CPU
		{46015717-27CB-4F2D-8861-BDC65962BE7E}.Debug|Any CPU.Build.0 = Debug|Any CPU
		{46015717-27CB-4F2D-8861-BDC65962BE7E}.Release|Any CPU.ActiveCfg = Release|Any CPU
		{46015717-27CB-4F2D-8861-BDC65962BE7E}.Release|Any CPU.Build.0 = Release|Any CPU
		{A5524A00-8027-4339-A1BC-B1BDE153EDF0}.Debug|Any CPU.ActiveCfg = Debug|Any CPU
		{A5524A00-8027-4339-A1BC-B1BDE153EDF0}.Debug|Any CPU.Build.0 = Debug|Any CPU
		{A5524A00-8027-4339-A1BC-B1BDE153EDF0}.Release|Any CPU.ActiveCfg = Release|Any CPU
		{A5524A00-8027-4339-A1BC-B1BDE153EDF0}.Release|Any CPU.Build.0 = Release|Any CPU
		{E7E1CFAB-6881-45D2-A8C0-3AA0160364C5}.Debug|Any CPU.ActiveCfg = Debug|Any CPU
		{E7E1CFAB-6881-45D2-A8C0-3AA0160364C5}.Debug|Any CPU.Build.0 = Debug|Any CPU
		{E7E1CFAB-6881-45D2-A8C0-3AA0160364C5}.Release|Any CPU.ActiveCfg = Release|Any CPU
		{E7E1CFAB-6881-45D2-A8C0-3AA0160364C5}.Release|Any CPU.Build.0 = Release|Any CPU
	EndGlobalSection
	GlobalSection(SolutionProperties) = preSolution
		HideSolutionNode = FALSE
	EndGlobalSection
	GlobalSection(NestedProjects) = preSolution
		{E7B9942B-56F6-47AA-A482-B0E23B578AFA} = {5C1D3FAD-5282-46AA-81E6-300080D34FB3}
		{504E0F21-B903-49C1-8A94-F78277CAB1A6} = {5C1D3FAD-5282-46AA-81E6-300080D34FB3}
		{74816A01-48AB-4369-A315-756438DA2BF9} = {504E0F21-B903-49C1-8A94-F78277CAB1A6}
		{DBE3AE0D-EF1E-4924-B48B-6E5F41385788} = {662C70FF-7AA6-412A-8535-BCA8627C1C21}
		{46015717-27CB-4F2D-8861-BDC65962BE7E} = {DDC7D3B4-83A6-4D80-AF51-0F2B23DF8575}
		{A5524A00-8027-4339-A1BC-B1BDE153EDF0} = {D8E9ECF3-5F93-4EEF-9263-9772DE5BD751}
		{E7E1CFAB-6881-45D2-A8C0-3AA0160364C5} = {811D072F-93E0-4509-8558-602F5CD2A052}
	EndGlobalSection
	GlobalSection(ExtensibilityGlobals) = postSolution
		SolutionGuid = {E283FD19-35AC-4DA0-AE9E-12D802D9266E}
	EndGlobalSection
EndGlobal
